
Microsoft Visual Studio Solution File, Format Version 12.00
# Visual Studio Version 16
VisualStudioVersion = 16.0.32510.428
MinimumVisualStudioVersion = 10.0.40219.1
Project("{FAE04EC0-301F-11D3-BF4B-00C04F79EFBC}") = "WebUI", "WebUI\WebUI.csproj", "{A503482A-408A-4FB6-ADFB-C85FE74584FF}"
EndProject
Global
	GlobalSection(SolutionConfigurationPlatforms) = preSolution
		Debug|Any CPU = Debug|Any CPU
		Release|Any CPU = Release|Any CPU
	EndGlobalSection
	GlobalSection(ProjectConfigurationPlatforms) = postSolution
		{A503482A-408A-4FB6-ADFB-C85FE74584FF}.Debug|Any CPU.ActiveCfg = Debug|Any CPU
		{A503482A-408A-4FB6-ADFB-C85FE74584FF}.Debug|Any CPU.Build.0 = Debug|Any CPU
		{A503482A-408A-4FB6-ADFB-C85FE74584FF}.Release|Any CPU.ActiveCfg = Release|Any CPU
		{A503482A-408A-4FB6-ADFB-C85FE74584FF}.Release|Any CPU.Build.0 = Release|Any CPU
	EndGlobalSection
	GlobalSection(SolutionProperties) = preSolution
		HideSolutionNode = FALSE
	EndGlobalSection
	GlobalSection(ExtensibilityGlobals) = postSolution
		SolutionGuid = {E4A8C742-4E61-4E45-BE15-48CBC6DDFC91}
	EndGlobalSection
EndGlobal
